
Microsoft Visual Studio Solution File, Format Version 12.00
# Visual Studio 15
VisualStudioVersion = 15.0.27428.2015
MinimumVisualStudioVersion = 10.0.40219.1
Project("{FAE04EC0-301F-11D3-BF4B-00C04F79EFBC}") = "IsBankasiSanalPos", "IsBankasiSanalPos\IsBankasiSanalPos.csproj", "{09805764-4906-4927-A136-A3FF2A46DE87}"
EndProject
Global
	GlobalSection(SolutionConfigurationPlatforms) = preSolution
		Debug|Any CPU = Debug|Any CPU
		Release|Any CPU = Release|Any CPU
	EndGlobalSection
	GlobalSection(ProjectConfigurationPlatforms) = postSolution
		{09805764-4906-4927-A136-A3FF2A46DE87}.Debug|Any CPU.ActiveCfg = Debug|Any CPU
		{09805764-4906-4927-A136-A3FF2A46DE87}.Debug|Any CPU.Build.0 = Debug|Any CPU
		{09805764-4906-4927-A136-A3FF2A46DE87}.Release|Any CPU.ActiveCfg = Release|Any CPU
		{09805764-4906-4927-A136-A3FF2A46DE87}.Release|Any CPU.Build.0 = Release|Any CPU
	EndGlobalSection
	GlobalSection(SolutionProperties) = preSolution
		HideSolutionNode = FALSE
	EndGlobalSection
	GlobalSection(ExtensibilityGlobals) = postSolution
		SolutionGuid = {C82F6F97-459A-4564-B851-6FF5BF04CC99}
	EndGlobalSection
EndGlobal
